
Microsoft Visual Studio Solution File, Format Version 12.00
# Visual Studio Version 16
VisualStudioVersion = 16.0.31410.357
MinimumVisualStudioVersion = 10.0.40219.1
Project("{FAE04EC0-301F-11D3-BF4B-00C04F79EFBC}") = "Ch-21-Studio", "Ch-21-Studio\Ch-21-Studio.csproj", "{74AAC29A-A656-4748-93E0-5965CFE066F6}"
EndProject
Project("{FAE04EC0-301F-11D3-BF4B-00C04F79EFBC}") = "TestProject", "TestProject\TestProject.csproj", "{50319EB8-44E0-4A4B-9124-29CE642FDFCB}"
EndProject
Global
	GlobalSection(SolutionConfigurationPlatforms) = preSolution
		Debug|Any CPU = Debug|Any CPU
		Release|Any CPU = Release|Any CPU
	EndGlobalSection
	GlobalSection(ProjectConfigurationPlatforms) = postSolution
		{74AAC29A-A656-4748-93E0-5965CFE066F6}.Debug|Any CPU.ActiveCfg = Debug|Any CPU
		{74AAC29A-A656-4748-93E0-5965CFE066F6}.Debug|Any CPU.Build.0 = Debug|Any CPU
		{74AAC29A-A656-4748-93E0-5965CFE066F6}.Release|Any CPU.ActiveCfg = Release|Any CPU
		{74AAC29A-A656-4748-93E0-5965CFE066F6}.Release|Any CPU.Build.0 = Release|Any CPU
		{50319EB8-44E0-4A4B-9124-29CE642FDFCB}.Debug|Any CPU.ActiveCfg = Debug|Any CPU
		{50319EB8-44E0-4A4B-9124-29CE642FDFCB}.Debug|Any CPU.Build.0 = Debug|Any CPU
		{50319EB8-44E0-4A4B-9124-29CE642FDFCB}.Release|Any CPU.ActiveCfg = Release|Any CPU
		{50319EB8-44E0-4A4B-9124-29CE642FDFCB}.Release|Any CPU.Build.0 = Release|Any CPU
	EndGlobalSection
	GlobalSection(SolutionProperties) = preSolution
		HideSolutionNode = FALSE
	EndGlobalSection
	GlobalSection(ExtensibilityGlobals) = postSolution
		SolutionGuid = {EF4598B7-483E-4FD6-8E82-31BA48FB16B6}
	EndGlobalSection
EndGlobal
